
Microsoft Visual Studio Solution File, Format Version 12.00
# Visual Studio 14
VisualStudioVersion = 14.0.25420.1
MinimumVisualStudioVersion = 10.0.40219.1
Project("{FAE04EC0-301F-11D3-BF4B-00C04F79EFBC}") = "SuperAdventure", "SuperAdventure\SuperAdventure.csproj", "{4DA14269-EEA9-4742-9954-B4C980E351A1}"
EndProject
Project("{FAE04EC0-301F-11D3-BF4B-00C04F79EFBC}") = "Engine", "Engine\Engine.csproj", "{5C284FF8-CFC5-4DE9-90AC-B3578E7F7C3B}"
EndProject
Global
	GlobalSection(SolutionConfigurationPlatforms) = preSolution
		Debug|Any CPU = Debug|Any CPU
		Release|Any CPU = Release|Any CPU
	EndGlobalSection
	GlobalSection(ProjectConfigurationPlatforms) = postSolution
		{4DA14269-EEA9-4742-9954-B4C980E351A1}.Debug|Any CPU.ActiveCfg = Debug|Any CPU
		{4DA14269-EEA9-4742-9954-B4C980E351A1}.Debug|Any CPU.Build.0 = Debug|Any CPU
		{4DA14269-EEA9-4742-9954-B4C980E351A1}.Release|Any CPU.ActiveCfg = Release|Any CPU
		{4DA14269-EEA9-4742-9954-B4C980E351A1}.Release|Any CPU.Build.0 = Release|Any CPU
		{5C284FF8-CFC5-4DE9-90AC-B3578E7F7C3B}.Debug|Any CPU.ActiveCfg = Debug|Any CPU
		{5C284FF8-CFC5-4DE9-90AC-B3578E7F7C3B}.Debug|Any CPU.Build.0 = Debug|Any CPU
		{5C284FF8-CFC5-4DE9-90AC-B3578E7F7C3B}.Release|Any CPU.ActiveCfg = Release|Any CPU
		{5C284FF8-CFC5-4DE9-90AC-B3578E7F7C3B}.Release|Any CPU.Build.0 = Release|Any CPU
	EndGlobalSection
	GlobalSection(SolutionProperties) = preSolution
		HideSolutionNode = FALSE
	EndGlobalSection
EndGlobal
